
Microsoft Visual Studio Solution File, Format Version 12.00
# Visual Studio Version 17
VisualStudioVersion = 17.0.31903.59
MinimumVisualStudioVersion = 10.0.40219.1
Project("{9A19103F-16F7-4668-BE54-9A1E7A4F7556}") = "VirtualMachine.TypeDefs", "VirtualMachine.TypeDefs\VirtualMachine.TypeDefs.csproj", "{65BFD982-8D8F-48CA-A7EC-907AFC79A566}"
EndProject
Project("{9A19103F-16F7-4668-BE54-9A1E7A4F7556}") = "VirtualMachine", "VirtualMachine.Example\VirtualMachine.csproj", "{A9C6FB59-C928-44E1-9DC0-C7EB5532209E}"
EndProject
Project("{9A19103F-16F7-4668-BE54-9A1E7A4F7556}") = "VirtualMachine.Generator", "VirtualMachine.Generator\VirtualMachine.Generator.csproj", "{C33406B3-C8C5-4A20-A82C-C48151EEB4A6}"
EndProject
Project("{9A19103F-16F7-4668-BE54-9A1E7A4F7556}") = "VirtualMachine.iLang", "VirtualMachine.iLang\VirtualMachine.iLang.csproj", "{D81FB305-440B-4A41-9486-C5C4265ECFC6}"
EndProject
Global
	GlobalSection(SolutionConfigurationPlatforms) = preSolution
		Debug|Any CPU = Debug|Any CPU
		Release|Any CPU = Release|Any CPU
	EndGlobalSection
	GlobalSection(ProjectConfigurationPlatforms) = postSolution
		{65BFD982-8D8F-48CA-A7EC-907AFC79A566}.Debug|Any CPU.ActiveCfg = Debug|Any CPU
		{65BFD982-8D8F-48CA-A7EC-907AFC79A566}.Debug|Any CPU.Build.0 = Debug|Any CPU
		{65BFD982-8D8F-48CA-A7EC-907AFC79A566}.Release|Any CPU.ActiveCfg = Release|Any CPU
		{65BFD982-8D8F-48CA-A7EC-907AFC79A566}.Release|Any CPU.Build.0 = Release|Any CPU
		{A9C6FB59-C928-44E1-9DC0-C7EB5532209E}.Debug|Any CPU.ActiveCfg = Debug|Any CPU
		{A9C6FB59-C928-44E1-9DC0-C7EB5532209E}.Debug|Any CPU.Build.0 = Debug|Any CPU
		{A9C6FB59-C928-44E1-9DC0-C7EB5532209E}.Release|Any CPU.ActiveCfg = Release|Any CPU
		{A9C6FB59-C928-44E1-9DC0-C7EB5532209E}.Release|Any CPU.Build.0 = Release|Any CPU
		{C33406B3-C8C5-4A20-A82C-C48151EEB4A6}.Debug|Any CPU.ActiveCfg = Debug|Any CPU
		{C33406B3-C8C5-4A20-A82C-C48151EEB4A6}.Debug|Any CPU.Build.0 = Debug|Any CPU
		{C33406B3-C8C5-4A20-A82C-C48151EEB4A6}.Release|Any CPU.ActiveCfg = Release|Any CPU
		{C33406B3-C8C5-4A20-A82C-C48151EEB4A6}.Release|Any CPU.Build.0 = Release|Any CPU
		{D81FB305-440B-4A41-9486-C5C4265ECFC6}.Debug|Any CPU.ActiveCfg = Debug|Any CPU
		{D81FB305-440B-4A41-9486-C5C4265ECFC6}.Debug|Any CPU.Build.0 = Debug|Any CPU
		{D81FB305-440B-4A41-9486-C5C4265ECFC6}.Release|Any CPU.ActiveCfg = Release|Any CPU
		{D81FB305-440B-4A41-9486-C5C4265ECFC6}.Release|Any CPU.Build.0 = Release|Any CPU
	EndGlobalSection
	GlobalSection(SolutionProperties) = preSolution
		HideSolutionNode = FALSE
	EndGlobalSection
	GlobalSection(ExtensibilityGlobals) = postSolution
		SolutionGuid = {85789EE0-04FE-432D-ACE4-46B5B6850110}
	EndGlobalSection
EndGlobal
